
Microsoft Visual Studio Solution File, Format Version 12.00
# Visual Studio Version 16
VisualStudioVersion = 16.0.29020.237
MinimumVisualStudioVersion = 10.0.40219.1
Project("{FAE04EC0-301F-11D3-BF4B-00C04F79EFBC}") = "LumiereObjectCreator", "LumiereObjectCreator.csproj", "{B97CB7E8-F433-4DD6-A03D-DADD421A6AAD}"
EndProject
Global
	GlobalSection(SolutionConfigurationPlatforms) = preSolution
		Debug|Any CPU = Debug|Any CPU
		Release|Any CPU = Release|Any CPU
	EndGlobalSection
	GlobalSection(ProjectConfigurationPlatforms) = postSolution
		{B97CB7E8-F433-4DD6-A03D-DADD421A6AAD}.Debug|Any CPU.ActiveCfg = Debug|Any CPU
		{B97CB7E8-F433-4DD6-A03D-DADD421A6AAD}.Debug|Any CPU.Build.0 = Debug|Any CPU
		{B97CB7E8-F433-4DD6-A03D-DADD421A6AAD}.Release|Any CPU.ActiveCfg = Release|Any CPU
		{B97CB7E8-F433-4DD6-A03D-DADD421A6AAD}.Release|Any CPU.Build.0 = Release|Any CPU
	EndGlobalSection
	GlobalSection(SolutionProperties) = preSolution
		HideSolutionNode = FALSE
	EndGlobalSection
	GlobalSection(ExtensibilityGlobals) = postSolution
		SolutionGuid = {48EFD131-DDBF-4C0D-BEE1-2C746155C835}
	EndGlobalSection
EndGlobal
